
Microsoft Visual Studio Solution File, Format Version 12.00
# Visual Studio Version 17
VisualStudioVersion = 17.1.32210.238
MinimumVisualStudioVersion = 10.0.40219.1
Project("{FAE04EC0-301F-11D3-BF4B-00C04F79EFBC}") = "SysmapApi", "SysmapApi\SysmapApi.csproj", "{A962F843-B743-41DD-B285-C28BD247802A}"
EndProject
Global
	GlobalSection(SolutionConfigurationPlatforms) = preSolution
		Debug|Any CPU = Debug|Any CPU
		Release|Any CPU = Release|Any CPU
	EndGlobalSection
	GlobalSection(ProjectConfigurationPlatforms) = postSolution
		{A962F843-B743-41DD-B285-C28BD247802A}.Debug|Any CPU.ActiveCfg = Debug|Any CPU
		{A962F843-B743-41DD-B285-C28BD247802A}.Debug|Any CPU.Build.0 = Debug|Any CPU
		{A962F843-B743-41DD-B285-C28BD247802A}.Release|Any CPU.ActiveCfg = Release|Any CPU
		{A962F843-B743-41DD-B285-C28BD247802A}.Release|Any CPU.Build.0 = Release|Any CPU
	EndGlobalSection
	GlobalSection(SolutionProperties) = preSolution
		HideSolutionNode = FALSE
	EndGlobalSection
	GlobalSection(ExtensibilityGlobals) = postSolution
		SolutionGuid = {FFCF1315-3112-4B5E-88EC-600803B8ADD4}
	EndGlobalSection
EndGlobal
